
Microsoft Visual Studio Solution File, Format Version 12.00
# Visual Studio Version 17
VisualStudioVersion = 17.1.31911.260
MinimumVisualStudioVersion = 10.0.40219.1
Project("{FAE04EC0-301F-11D3-BF4B-00C04F79EFBC}") = "Autobus", "Autobus\Autobus.csproj", "{39B539A2-9009-4138-95AF-BF4155D72FAE}"
EndProject
Project("{FAE04EC0-301F-11D3-BF4B-00C04F79EFBC}") = "Extensions", "Extensions\Extensions.csproj", "{22B9A127-5E74-4534-BFC4-A3349544C52C}"
EndProject
Global
	GlobalSection(SolutionConfigurationPlatforms) = preSolution
		Debug|Any CPU = Debug|Any CPU
		Release|Any CPU = Release|Any CPU
	EndGlobalSection
	GlobalSection(ProjectConfigurationPlatforms) = postSolution
		{39B539A2-9009-4138-95AF-BF4155D72FAE}.Debug|Any CPU.ActiveCfg = Debug|Any CPU
		{39B539A2-9009-4138-95AF-BF4155D72FAE}.Debug|Any CPU.Build.0 = Debug|Any CPU
		{39B539A2-9009-4138-95AF-BF4155D72FAE}.Release|Any CPU.ActiveCfg = Release|Any CPU
		{39B539A2-9009-4138-95AF-BF4155D72FAE}.Release|Any CPU.Build.0 = Release|Any CPU
		{22B9A127-5E74-4534-BFC4-A3349544C52C}.Debug|Any CPU.ActiveCfg = Debug|Any CPU
		{22B9A127-5E74-4534-BFC4-A3349544C52C}.Debug|Any CPU.Build.0 = Debug|Any CPU
		{22B9A127-5E74-4534-BFC4-A3349544C52C}.Release|Any CPU.ActiveCfg = Release|Any CPU
		{22B9A127-5E74-4534-BFC4-A3349544C52C}.Release|Any CPU.Build.0 = Release|Any CPU
	EndGlobalSection
	GlobalSection(SolutionProperties) = preSolution
		HideSolutionNode = FALSE
	EndGlobalSection
	GlobalSection(ExtensibilityGlobals) = postSolution
		SolutionGuid = {D9E6C158-E919-4911-9C14-A63750D485FC}
	EndGlobalSection
EndGlobal
